PODS:
  - JSONModel (1.2.0)
  - Masonry (1.0.0)
  - MJRefresh (3.1.0)
  - PinYin4Objc (1.1.1)
  - TTTAttributedLabel (1.13.4)
  - UITableView+FDTemplateLayoutCell (1.4)
  - YSMChineseSort (0.1.1):
    - PinYin4Objc (~> 1.1.1)

DEPENDENCIES:
  - JSONModel
  - Masonry
  - MJRefresh
  - TTTAttributedLabel
  - UITableView+FDTemplateLayoutCell
  - YSMChineseSort (~> 0.1.0)

SPEC CHECKSUMS:
  JSONModel: 12523685c4b623553ccf844bbbf7007624317b2c
  Masonry: b529bb169217897b6354d4b56b1fada6d475b13d
  MJRefresh: 743e6404967d1c2c688472ea3ecfde247d872db4
  PinYin4Objc: 3fa9673610368330e2dfb688b1d19a35c3930a78
  TTTAttributedLabel: 0a2ac7b2dd726d32a070dafb01446026b11e624f
  UITableView+FDTemplateLayoutCell: 234e1582bcc4e18461af91155123bb96538ed030
  YSMChineseSort: ef532bfe993ff1b4dc9bcd644ead1a43b2632b88

COCOAPODS: 0.39.0
